
Microsoft Visual Studio Solution File, Format Version 12.00
# Visual Studio Version 16
VisualStudioVersion = 16.0.30523.141
MinimumVisualStudioVersion = 10.0.40219.1
Project("{FAE04EC0-301F-11D3-BF4B-00C04F79EFBC}") = "csharpRestClient", "csharpRestClient.csproj", "{ED0CE226-8556-4A29-8143-78F7CF502D76}"
EndProject
Global
	GlobalSection(SolutionConfigurationPlatforms) = preSolution
		Debug|Any CPU = Debug|Any CPU
		Release|Any CPU = Release|Any CPU
	EndGlobalSection
	GlobalSection(ProjectConfigurationPlatforms) = postSolution
		{ED0CE226-8556-4A29-8143-78F7CF502D76}.Debug|Any CPU.ActiveCfg = Debug|Any CPU
		{ED0CE226-8556-4A29-8143-78F7CF502D76}.Debug|Any CPU.Build.0 = Debug|Any CPU
		{ED0CE226-8556-4A29-8143-78F7CF502D76}.Release|Any CPU.ActiveCfg = Release|Any CPU
		{ED0CE226-8556-4A29-8143-78F7CF502D76}.Release|Any CPU.Build.0 = Release|Any CPU
	EndGlobalSection
	GlobalSection(SolutionProperties) = preSolution
		HideSolutionNode = FALSE
	EndGlobalSection
	GlobalSection(ExtensibilityGlobals) = postSolution
		SolutionGuid = {4D69E1D0-4A36-4C50-8B20-6E1FF3248FEC}
	EndGlobalSection
EndGlobal
